
Microsoft Visual Studio Solution File, Format Version 12.00
# Visual Studio Version 16
VisualStudioVersion = 16.0.30503.244
MinimumVisualStudioVersion = 10.0.40219.1
Project("{FAE04EC0-301F-11D3-BF4B-00C04F79EFBC}") = "JeuxPuissance4", "JeuxPuissance4\JeuxPuissance4.csproj", "{B81BBE7B-05B3-4E8A-BFCB-680CAE32F08A}"
EndProject
Global
	GlobalSection(SolutionConfigurationPlatforms) = preSolution
		Debug|Any CPU = Debug|Any CPU
		Release|Any CPU = Release|Any CPU
	EndGlobalSection
	GlobalSection(ProjectConfigurationPlatforms) = postSolution
		{B81BBE7B-05B3-4E8A-BFCB-680CAE32F08A}.Debug|Any CPU.ActiveCfg = Debug|Any CPU
		{B81BBE7B-05B3-4E8A-BFCB-680CAE32F08A}.Debug|Any CPU.Build.0 = Debug|Any CPU
		{B81BBE7B-05B3-4E8A-BFCB-680CAE32F08A}.Release|Any CPU.ActiveCfg = Release|Any CPU
		{B81BBE7B-05B3-4E8A-BFCB-680CAE32F08A}.Release|Any CPU.Build.0 = Release|Any CPU
	EndGlobalSection
	GlobalSection(SolutionProperties) = preSolution
		HideSolutionNode = FALSE
	EndGlobalSection
	GlobalSection(ExtensibilityGlobals) = postSolution
		SolutionGuid = {67D67830-4C85-47AE-9598-720F611EBC4D}
	EndGlobalSection
EndGlobal
